
Microsoft Visual Studio Solution File, Format Version 12.00
# Visual Studio 15
VisualStudioVersion = 15.0.28010.2016
MinimumVisualStudioVersion = 10.0.40219.1
Project("{FAE04EC0-301F-11D3-BF4B-00C04F79EFBC}") = "MiffTheFox.DataDirs", "MiffTheFox.DataDirs\MiffTheFox.DataDirs.csproj", "{2C98EE47-3AE3-4244-BA20-26C3F8C8EF3C}"
EndProject
Global
	GlobalSection(SolutionConfigurationPlatforms) = preSolution
		Debug|Any CPU = Debug|Any CPU
		Release|Any CPU = Release|Any CPU
	EndGlobalSection
	GlobalSection(ProjectConfigurationPlatforms) = postSolution
		{2C98EE47-3AE3-4244-BA20-26C3F8C8EF3C}.Debug|Any CPU.ActiveCfg = Debug|Any CPU
		{2C98EE47-3AE3-4244-BA20-26C3F8C8EF3C}.Debug|Any CPU.Build.0 = Debug|Any CPU
		{2C98EE47-3AE3-4244-BA20-26C3F8C8EF3C}.Release|Any CPU.ActiveCfg = Release|Any CPU
		{2C98EE47-3AE3-4244-BA20-26C3F8C8EF3C}.Release|Any CPU.Build.0 = Release|Any CPU
	EndGlobalSection
	GlobalSection(SolutionProperties) = preSolution
		HideSolutionNode = FALSE
	EndGlobalSection
	GlobalSection(ExtensibilityGlobals) = postSolution
		SolutionGuid = {805742C9-2AEF-456C-A085-D74E5E5172F5}
	EndGlobalSection
EndGlobal
